# This file is autogenerated, do not edit; changes may be undone by the next 'dep ensure'.


[[projects]]
  digest = "1:2209584c0f7c9b68c23374e659357ab546e1b70eec2761f03280f69a8fd23d77"
  name = "github.com/cenkalti/backoff"
  packages = ["."]
  pruneopts = "UT"
  revision = "2ea60e5f094469f9e65adb9cd103795b73ae743e"
  version = "v2.0.0"

[[projects]]
  branch = "master"
  digest = "1:c9fe47b7d8d48ec596576dcfb03054e1493ce760a1a35227dfe85aa59ee36149"
  name = "github.com/cloudscale-ch/cloudscale-go-sdk"
  packages = ["."]
  pruneopts = "UT"
  revision = "3e3d99d38266bc401e38e05133f5390f8ac8c84e"

[[projects]]
  digest = "1:a2c1d0e43bd3baaa071d1b9ed72c27d78169b2b269f71c105ac4ba34b1be4a39"
  name = "github.com/davecgh/go-spew"
  packages = ["spew"]
  pruneopts = "UT"
  revision = "346938d642f2ec3594ed81d874461961cd0faa76"
  version = "v1.1.0"

[[projects]]
  digest = "1:ed32261137bbc0c6141af44cd205b0d11a27f6a6b533edd16d044bf654be109a"
  name = "github.com/exoscale/egoscale"
  packages = ["."]
  pruneopts = "UT"
  revision = "631ee6ea16ccb48a0c98054fdbf0f6e94d8f4a8c"
  version = "v0.9.31"

[[projects]]
  digest = "1:833f0f38d9a3bfa080cbf197e93fb39b38684ac9fbc64c32077a3ee46ce5360c"
  name = "github.com/exoscale/exoip"
  packages = ["."]
  pruneopts = "UT"
  revision = "f2fff8f04d7752af1948d3165a27e2d6a471769d"
  version = "v0.3.13"

[[projects]]
  digest = "1:8f8811f9be822914c3a25c6a071e93beb4c805d7b026cbf298bc577bc1cc945b"
  name = "github.com/google/uuid"
  packages = ["."]
  pruneopts = "UT"
  revision = "064e2069ce9c359c118179501254f67d7d37ba24"
  version = "0.2"

[[projects]]
  branch = "master"
  digest = "1:5c3444689562053b027ef3b96372e306adbe0d7d109b6cdd48d01eb80f8bab14"
  name = "github.com/jinzhu/copier"
  packages = ["."]
  pruneopts = "UT"
  revision = "7e38e58719c33e0d44d585c4ab477a30f8cb82dd"

[[projects]]
  branch = "master"
  digest = "1:6491080aa184f88c2bb8e2f6056e5e0e9a578b2d8666efbd6e97bc37a0c41e72"
  name = "github.com/nightlyone/lockfile"
  packages = ["."]
  pruneopts = "UT"
  revision = "0ad87eef1443f64d3d8c50da647e2b1552851124"

[[projects]]
  digest = "1:0028cb19b2e4c3112225cd871870f2d9cf49b9b4276531f03438a88e94be86fe"
  name = "github.com/pmezard/go-difflib"
  packages = ["difflib"]
  pruneopts = "UT"
  revision = "792786c7400a136282c1664665ae0a8db921c6c2"
  version = "v1.0.0"

[[projects]]
  digest = "1:9e9193aa51197513b3abcb108970d831fbcf40ef96aa845c4f03276e1fa316d2"
  name = "github.com/sirupsen/logrus"
  packages = ["."]
  pruneopts = "UT"
  revision = "c155da19408a8799da419ed3eeb0cb5db0ad5dbc"
  version = "v1.0.5"

[[projects]]
  digest = "1:18752d0b95816a1b777505a97f71c7467a8445b8ffb55631a7bf779f6ba4fa83"
  name = "github.com/stretchr/testify"
  packages = ["assert"]
  pruneopts = "UT"
  revision = "f35b8ab0b5a2cef36673838d662e249dd9c94686"
  version = "v1.2.2"

[[projects]]
  digest = "1:0f16493c4037d88fe4b389197728a518e4e2d300dafac026ad2918bd86e5d619"
  name = "github.com/vishvananda/netlink"
  packages = [
    ".",
    "nl",
  ]
  pruneopts = "UT"
  revision = "a2ad57a690f3caf3015351d2d6e1c0b95c349752"
  version = "v1.0.0"

[[projects]]
  branch = "master"
  digest = "1:02b1d1b48bf853ea2a9bea029ffe54e3fd7804903a0eda9a78191db8984300d2"
  name = "github.com/vishvananda/netns"
  packages = ["."]
  pruneopts = "UT"
  revision = "be1fbeda19366dea804f00efff2dd73a1642fdcc"

[[projects]]
  branch = "master"
  digest = "1:3f3a05ae0b95893d90b9b3b5afdb79a9b3d96e4e36e099d841ae602e4aca0da8"
  name = "golang.org/x/crypto"
  packages = ["ssh/terminal"]
  pruneopts = "UT"
  revision = "a49355c7e3f8fe157a85be2f77e6e269a0f89602"

[[projects]]
  branch = "master"
  digest = "1:76ee51c3f468493aff39dbacc401e8831fbb765104cbf613b89bef01cf4bad70"
  name = "golang.org/x/net"
  packages = ["context"]
  pruneopts = "UT"
  revision = "d0887baf81f4598189d4e12a37c6da86f0bba4d0"

[[projects]]
  branch = "master"
  digest = "1:72d6244a51be9611f08994aca19677fcc31676b3e7b742c37e129e6ece4ad8fc"
  name = "golang.org/x/sys"
  packages = [
    "unix",
    "windows",
  ]
  pruneopts = "UT"
  revision = "1b2967e3c290b7c545b3db0deeda16e9be4f98a2"

[[projects]]
  digest = "1:342378ac4dcb378a5448dd723f0784ae519383532f5e70ade24132c4c8693202"
  name = "gopkg.in/yaml.v2"
  packages = ["."]
  pruneopts = "UT"
  revision = "5420a8b6744d3b0345ab293f6fcba19c978f1183"
  version = "v2.2.1"

[solve-meta]
  analyzer-name = "dep"
  analyzer-version = 1
  input-imports = [
    "github.com/cenkalti/backoff",
    "github.com/cloudscale-ch/cloudscale-go-sdk",
    "github.com/exoscale/egoscale",
    "github.com/exoscale/exoip",
    "github.com/google/uuid",
    "github.com/nightlyone/lockfile",
    "github.com/sirupsen/logrus",
    "github.com/stretchr/testify/assert",
    "gopkg.in/yaml.v2",
  ]
  solver-name = "gps-cdcl"
  solver-version = 1
